PODS:
  - FlutterMacOS (1.0.0)
  - FMDB (2.7.5):
    - FMDB/standard (= 2.7.5)
  - FMDB/standard (2.7.5)
  - sqflite (0.0.2):
    - FlutterMacOS
    - FMDB (>= 2.7.5)

DEPENDENCIES:
  - FlutterMacOS (from `Flutter/ephemeral`)
  - sqflite (from `Flutter/ephemeral/.symlinks/plugins/sqflite/macos`)

SPEC REPOS:
  trunk:
    - FMDB

EXTERNAL SOURCES:
  FlutterMacOS:
    :path: Flutter/ephemeral
  sqflite:
    :path: Flutter/ephemeral/.symlinks/plugins/sqflite/macos

SPEC CHECKSUMS:
  FlutterMacOS: 85f90bfb3f1703249cf1539e4dfbff31e8584698
  FMDB: 2ce00b547f966261cd18927a3ddb07cb6f3db82a
  sqflite: a5789cceda41d54d23f31d6de539d65bb14100ea

PODFILE CHECKSUM: a884f6dd3f7494f3892ee6c81feea3a3abbf9153

COCOAPODS: 1.11.3
